
Microsoft Visual Studio Solution File, Format Version 12.00
# Visual Studio Version 16
VisualStudioVersion = 16.0.29519.87
MinimumVisualStudioVersion = 10.0.40219.1
Project("{9A19103F-16F7-4668-BE54-9A1E7A4F7556}") = "ScoutDemoService.Core", "ScoutDemoService.Core\ScoutDemoService.Core.csproj", "{D1DBEEAF-0447-49F2-8BD6-89F17475C930}"
EndProject
Project("{E53339B2-1760-4266-BCC7-CA923CBCF16C}") = "docker-compose", "docker-compose.dcproj", "{C040BB76-59B3-4F2A-AB93-A72CD414C97F}"
EndProject
Global
	GlobalSection(SolutionConfigurationPlatforms) = preSolution
		Debug|Any CPU = Debug|Any CPU
		Release|Any CPU = Release|Any CPU
	EndGlobalSection
	GlobalSection(ProjectConfigurationPlatforms) = postSolution
		{D1DBEEAF-0447-49F2-8BD6-89F17475C930}.Debug|Any CPU.ActiveCfg = Debug|Any CPU
		{D1DBEEAF-0447-49F2-8BD6-89F17475C930}.Debug|Any CPU.Build.0 = Debug|Any CPU
		{D1DBEEAF-0447-49F2-8BD6-89F17475C930}.Release|Any CPU.ActiveCfg = Release|Any CPU
		{D1DBEEAF-0447-49F2-8BD6-89F17475C930}.Release|Any CPU.Build.0 = Release|Any CPU
		{C040BB76-59B3-4F2A-AB93-A72CD414C97F}.Debug|Any CPU.ActiveCfg = Debug|Any CPU
		{C040BB76-59B3-4F2A-AB93-A72CD414C97F}.Debug|Any CPU.Build.0 = Debug|Any CPU
		{C040BB76-59B3-4F2A-AB93-A72CD414C97F}.Release|Any CPU.ActiveCfg = Release|Any CPU
		{C040BB76-59B3-4F2A-AB93-A72CD414C97F}.Release|Any CPU.Build.0 = Release|Any CPU
	EndGlobalSection
	GlobalSection(SolutionProperties) = preSolution
		HideSolutionNode = FALSE
	EndGlobalSection
	GlobalSection(ExtensibilityGlobals) = postSolution
		SolutionGuid = {899A964B-5933-42E7-97B8-DBF1AF2CD1C8}
	EndGlobalSection
EndGlobal
